{
  "version": 4,
  "terraform_version": "1.10.4",
  "serial": 20,
  "lineage": "7d7f5a7d-47b3-7aa6-dd11-58dc62598729",
  "outputs": {
    "log_analytics_workspace_id": {
      "value": "/subscriptions/aa2aa2cc-88e3-462f-ba3a-37cd991f2281/resourceGroups/rg-aidocwriter/providers/Microsoft.OperationalInsights/workspaces/aidocwriter-law",
      "type": "string"
    },
    "resource_group_name": {
      "value": "rg-aidocwriter",
      "type": "string"
    },
    "service_bus_connection_string": {
      "value": "Endpoint=sb://aidocwriter-bus.servicebus.windows.net/;SharedAccessKeyName=RootManageSharedAccessKey;SharedAccessKey=5gLpJ6rqTTcJcnIpQfS0JaOxjGed2tQT0+ASbF8g7rs=",
      "type": "string",
      "sensitive": true
    },
    "service_bus_namespace_name": {
      "value": "aidocwriter-bus",
      "type": "string"
    },
    "service_bus_topic_name": {
      "value": "aidocwriter-status",
      "type": "string"
    },
    "storage_account_connection_string": {
      "value": "DefaultEndpointsProtocol=https;AccountName=aidocwritersa;AccountKey=IL2CsLv8ZAVIOKcUvPMTdPROO4w2bAu0rU8oIsfR9adCJ07y/TOdHM0CGAKQYFTcT5rGx7ixtRBf+AStwO4lGQ==;EndpointSuffix=core.windows.net",
      "type": "string",
      "sensitive": true
    },
    "storage_account_name": {
      "value": "aidocwritersa",
      "type": "string"
    }
  },
  "resources": [
    {
      "mode": "managed",
      "type": "azurerm_resource_group",
      "name": "main",
      "provider": "provider[\"registry.terraform.io/hashicorp/azurerm\"]",
      "instances": [
        {
          "schema_version": 0,
          "attributes": {
            "id": "/subscriptions/aa2aa2cc-88e3-462f-ba3a-37cd991f2281/resourceGroups/rg-aidocwriter",
            "location": "westeurope",
            "managed_by": "",
            "name": "rg-aidocwriter",
            "tags": {
              "project": "aidocwriter"
            },
            "timeouts": null
          },
          "sensitive_attributes": [],
          "private": "eyJlMmJmYjczMC1lY2FhLTExZTYtOGY4OC0zNDM2M2JjN2M0YzAiOnsiY3JlYXRlIjo1NDAwMDAwMDAwMDAwLCJkZWxldGUiOjU0MDAwMDAwMDAwMDAsInJlYWQiOjMwMDAwMDAwMDAwMCwidXBkYXRlIjo1NDAwMDAwMDAwMDAwfX0="
        }
      ]
    },
    {
      "mode": "managed",
      "type": "azurerm_role_assignment",
      "name": "acrpull_mi",
      "provider": "provider[\"registry.terraform.io/hashicorp/azurerm\"]",
      "instances": [
        {
          "schema_version": 0,
          "attributes": {
            "condition": "",
            "condition_version": "",
            "delegated_managed_identity_resource_id": "",
            "description": "",
            "id": "/subscriptions/aa2aa2cc-88e3-462f-ba3a-37cd991f2281/resourceGroups/rg-aidocwriter/providers/Microsoft.ContainerRegistry/registries/aidocwriteracr/providers/Microsoft.Authorization/roleAssignments/0f97bc5c-7928-eaa3-f35e-0b5475885eb2",
            "name": "0f97bc5c-7928-eaa3-f35e-0b5475885eb2",
            "principal_id": "eeb9de96-fd63-4f09-82b9-727cbc87d3dc",
            "principal_type": "ServicePrincipal",
            "role_definition_id": "/subscriptions/aa2aa2cc-88e3-462f-ba3a-37cd991f2281/providers/Microsoft.Authorization/roleDefinitions/7f951dda-4ed3-4680-a7ca-43fe172d538d",
            "role_definition_name": "AcrPull",
            "scope": "/subscriptions/aa2aa2cc-88e3-462f-ba3a-37cd991f2281/resourceGroups/rg-aidocwriter/providers/Microsoft.ContainerRegistry/registries/aidocwriteracr",
            "skip_service_principal_aad_check": null,
            "timeouts": null
          },
          "sensitive_attributes": [],
          "private": "eyJlMmJmYjczMC1lY2FhLTExZTYtOGY4OC0zNDM2M2JjN2M0YzAiOnsiY3JlYXRlIjoxODAwMDAwMDAwMDAwLCJkZWxldGUiOjE4MDAwMDAwMDAwMDAsInJlYWQiOjMwMDAwMDAwMDAwMH19",
          "dependencies": [
            "azurerm_resource_group.main",
            "azurerm_user_assigned_identity.ca_identity",
            "module.container_registry.azurerm_container_registry.cr"
          ]
        }
      ]
    },
    {
      "mode": "managed",
      "type": "azurerm_user_assigned_identity",
      "name": "ca_identity",
      "provider": "provider[\"registry.terraform.io/hashicorp/azurerm\"]",
      "instances": [
        {
          "schema_version": 1,
          "attributes": {
            "client_id": "d8ae28d5-8fa2-4bc1-be89-3b3b045b8629",
            "id": "/subscriptions/aa2aa2cc-88e3-462f-ba3a-37cd991f2281/resourceGroups/rg-aidocwriter/providers/Microsoft.ManagedIdentity/userAssignedIdentities/ca_identity",
            "location": "westeurope",
            "name": "ca_identity",
            "principal_id": "eeb9de96-fd63-4f09-82b9-727cbc87d3dc",
            "resource_group_name": "rg-aidocwriter",
            "tags": null,
            "tenant_id": "3f9bf6e2-e028-48b6-971e-8fd2be5fd3a3",
            "timeouts": null
          },
          "sensitive_attributes": [],
          "private": "eyJlMmJmYjczMC1lY2FhLTExZTYtOGY4OC0zNDM2M2JjN2M0YzAiOnsiY3JlYXRlIjoxODAwMDAwMDAwMDAwLCJkZWxldGUiOjE4MDAwMDAwMDAwMDAsInJlYWQiOjMwMDAwMDAwMDAwMCwidXBkYXRlIjoxODAwMDAwMDAwMDAwfSwic2NoZW1hX3ZlcnNpb24iOiIxIn0=",
          "dependencies": [
            "azurerm_resource_group.main"
          ]
        }
      ]
    },
    {
      "module": "module.container_registry",
      "mode": "managed",
      "type": "azurerm_container_registry",
      "name": "cr",
      "provider": "provider[\"registry.terraform.io/hashicorp/azurerm\"]",
      "instances": [
        {
          "schema_version": 2,
          "attributes": {
            "admin_enabled": true,
            "admin_password": "wLuCTJ8ejoHdDJuj6SS2xAwRcDUn+fnY6JF7ZgshDo+ACRB5miJW",
            "admin_username": "aidocwriteracr",
            "anonymous_pull_enabled": false,
            "data_endpoint_enabled": false,
            "data_endpoint_host_names": [],
            "encryption": [],
            "export_policy_enabled": true,
            "georeplications": [],
            "id": "/subscriptions/aa2aa2cc-88e3-462f-ba3a-37cd991f2281/resourceGroups/rg-aidocwriter/providers/Microsoft.ContainerRegistry/registries/aidocwriteracr",
            "identity": [
              {
                "identity_ids": null,
                "principal_id": "4ba0fced-eea7-4ccc-b1d0-931c4aec8f54",
                "tenant_id": "3f9bf6e2-e028-48b6-971e-8fd2be5fd3a3",
                "type": "SystemAssigned"
              }
            ],
            "location": "westeurope",
            "login_server": "aidocwriteracr.azurecr.io",
            "name": "aidocwriteracr",
            "network_rule_bypass_option": "AzureServices",
            "network_rule_set": [],
            "public_network_access_enabled": true,
            "quarantine_policy_enabled": false,
            "resource_group_name": "rg-aidocwriter",
            "retention_policy_in_days": 0,
            "sku": "Standard",
            "tags": null,
            "timeouts": null,
            "trust_policy_enabled": false,
            "zone_redundancy_enabled": false
          },
          "sensitive_attributes": [
            [
              {
                "type": "get_attr",
                "value": "admin_password"
              }
            ]
          ],
          "private": "eyJlMmJmYjczMC1lY2FhLTExZTYtOGY4OC0zNDM2M2JjN2M0YzAiOnsiY3JlYXRlIjoxODAwMDAwMDAwMDAwLCJkZWxldGUiOjE4MDAwMDAwMDAwMDAsInJlYWQiOjMwMDAwMDAwMDAwMCwidXBkYXRlIjoxODAwMDAwMDAwMDAwfSwic2NoZW1hX3ZlcnNpb24iOiIyIn0=",
          "dependencies": [
            "azurerm_resource_group.main"
          ]
        }
      ]
    },
    {
      "module": "module.monitoring",
      "mode": "managed",
      "type": "azurerm_application_insights",
      "name": "main",
      "provider": "provider[\"registry.terraform.io/hashicorp/azurerm\"]",
      "instances": [
        {
          "schema_version": 2,
          "attributes": {
            "app_id": "6a004b4b-9188-4652-9637-ac8ae092daa1",
            "application_type": "web",
            "connection_string": "InstrumentationKey=e4967367-ea97-4b42-8cfa-bb121285e847;IngestionEndpoint=https://westeurope-5.in.applicationinsights.azure.com/;LiveEndpoint=https://westeurope.livediagnostics.monitor.azure.com/;ApplicationId=6a004b4b-9188-4652-9637-ac8ae092daa1",
            "daily_data_cap_in_gb": 100,
            "daily_data_cap_notifications_disabled": false,
            "disable_ip_masking": false,
            "force_customer_storage_for_profiler": false,
            "id": "/subscriptions/aa2aa2cc-88e3-462f-ba3a-37cd991f2281/resourceGroups/rg-aidocwriter/providers/Microsoft.Insights/components/aidocwriter-ai",
            "instrumentation_key": "e4967367-ea97-4b42-8cfa-bb121285e847",
            "internet_ingestion_enabled": true,
            "internet_query_enabled": true,
            "local_authentication_disabled": false,
            "location": "westeurope",
            "name": "aidocwriter-ai",
            "resource_group_name": "rg-aidocwriter",
            "retention_in_days": 90,
            "sampling_percentage": 100,
            "tags": {
              "project": "aidocwriter"
            },
            "timeouts": null,
            "workspace_id": "/subscriptions/aa2aa2cc-88e3-462f-ba3a-37cd991f2281/resourceGroups/rg-aidocwriter/providers/Microsoft.OperationalInsights/workspaces/aidocwriter-law"
          },
          "sensitive_attributes": [
            [
              {
                "type": "get_attr",
                "value": "connection_string"
              }
            ],
            [
              {
                "type": "get_attr",
                "value": "instrumentation_key"
              }
            ]
          ],
          "private": "eyJlMmJmYjczMC1lY2FhLTExZTYtOGY4OC0zNDM2M2JjN2M0YzAiOnsiY3JlYXRlIjozNjAwMDAwMDAwMDAwLCJkZWxldGUiOjE4MDAwMDAwMDAwMDAsInJlYWQiOjMwMDAwMDAwMDAwMCwidXBkYXRlIjoxODAwMDAwMDAwMDAwfSwic2NoZW1hX3ZlcnNpb24iOiIyIn0=",
          "dependencies": [
            "azurerm_resource_group.main",
            "module.monitoring.azurerm_log_analytics_workspace.main"
          ]
        }
      ]
    },
    {
      "module": "module.monitoring",
      "mode": "managed",
      "type": "azurerm_log_analytics_workspace",
      "name": "main",
      "provider": "provider[\"registry.terraform.io/hashicorp/azurerm\"]",
      "instances": [
        {
          "schema_version": 3,
          "attributes": {
            "allow_resource_only_permissions": true,
            "cmk_for_query_forced": false,
            "daily_quota_gb": -1,
            "data_collection_rule_id": "",
            "id": "/subscriptions/aa2aa2cc-88e3-462f-ba3a-37cd991f2281/resourceGroups/rg-aidocwriter/providers/Microsoft.OperationalInsights/workspaces/aidocwriter-law",
            "identity": [],
            "immediate_data_purge_on_30_days_enabled": false,
            "internet_ingestion_enabled": true,
            "internet_query_enabled": true,
            "local_authentication_disabled": true,
            "local_authentication_enabled": false,
            "location": "westeurope",
            "name": "aidocwriter-law",
            "primary_shared_key": "Hgt86mNVNTa2GtnGEYKQcLpjgw6HOjc/cdifpFOWHpPpg66Zdy27LBMsxzrf57TYzo128yMyjEMj/KH0Q7oywg==",
            "reservation_capacity_in_gb_per_day": null,
            "resource_group_name": "rg-aidocwriter",
            "retention_in_days": 30,
            "secondary_shared_key": "yOXHPJvQcRb4uu15WWq3k6avoSdUkyqZSyVee2EPfqa4xcRoXfn3Sc0C9WPW3vXtkR7PEmwdLyEDiqsyA5KhYQ==",
            "sku": "PerGB2018",
            "tags": {
              "project": "aidocwriter"
            },
            "timeouts": null,
            "workspace_id": "2bb15def-7d26-4830-b1b2-8e8820c370da"
          },
          "sensitive_attributes": [
            [
              {
                "type": "get_attr",
                "value": "primary_shared_key"
              }
            ],
            [
              {
                "type": "get_attr",
                "value": "secondary_shared_key"
              }
            ]
          ],
          "private": "eyJlMmJmYjczMC1lY2FhLTExZTYtOGY4OC0zNDM2M2JjN2M0YzAiOnsiY3JlYXRlIjoxODAwMDAwMDAwMDAwLCJkZWxldGUiOjE4MDAwMDAwMDAwMDAsInJlYWQiOjMwMDAwMDAwMDAwMCwidXBkYXRlIjoxODAwMDAwMDAwMDAwfSwic2NoZW1hX3ZlcnNpb24iOiIzIn0=",
          "dependencies": [
            "azurerm_resource_group.main"
          ]
        }
      ]
    },
    {
      "module": "module.service_bus",
      "mode": "managed",
      "type": "azurerm_servicebus_namespace",
      "name": "main",
      "provider": "provider[\"registry.terraform.io/hashicorp/azurerm\"]",
      "instances": [
        {
          "schema_version": 1,
          "attributes": {
            "capacity": 0,
            "customer_managed_key": [],
            "default_primary_connection_string": "Endpoint=sb://aidocwriter-bus.servicebus.windows.net/;SharedAccessKeyName=RootManageSharedAccessKey;SharedAccessKey=5gLpJ6rqTTcJcnIpQfS0JaOxjGed2tQT0+ASbF8g7rs=",
            "default_primary_key": "5gLpJ6rqTTcJcnIpQfS0JaOxjGed2tQT0+ASbF8g7rs=",
            "default_secondary_connection_string": "Endpoint=sb://aidocwriter-bus.servicebus.windows.net/;SharedAccessKeyName=RootManageSharedAccessKey;SharedAccessKey=7ZnLO7FoKvpqp6IUsFmTiCHQtn1xR+GZr+ASbFdgl4Q=",
            "default_secondary_key": "7ZnLO7FoKvpqp6IUsFmTiCHQtn1xR+GZr+ASbFdgl4Q=",
            "endpoint": "https://aidocwriter-bus.servicebus.windows.net:443/",
            "id": "/subscriptions/aa2aa2cc-88e3-462f-ba3a-37cd991f2281/resourceGroups/rg-aidocwriter/providers/Microsoft.ServiceBus/namespaces/aidocwriter-bus",
            "identity": [],
            "local_auth_enabled": true,
            "location": "westeurope",
            "minimum_tls_version": "1.2",
            "name": "aidocwriter-bus",
            "network_rule_set": [
              {
                "default_action": "Allow",
                "ip_rules": [],
                "network_rules": [],
                "public_network_access_enabled": true,
                "trusted_services_allowed": false
              }
            ],
            "premium_messaging_partitions": 0,
            "public_network_access_enabled": true,
            "resource_group_name": "rg-aidocwriter",
            "sku": "Standard",
            "tags": {
              "project": "aidocwriter"
            },
            "timeouts": null
          },
          "sensitive_attributes": [
            [
              {
                "type": "get_attr",
                "value": "default_primary_connection_string"
              }
            ],
            [
              {
                "type": "get_attr",
                "value": "default_secondary_connection_string"
              }
            ],
            [
              {
                "type": "get_attr",
                "value": "default_secondary_key"
              }
            ],
            [
              {
                "type": "get_attr",
                "value": "default_primary_key"
              }
            ]
          ],
          "private": "eyJlMmJmYjczMC1lY2FhLTExZTYtOGY4OC0zNDM2M2JjN2M0YzAiOnsiY3JlYXRlIjoxODAwMDAwMDAwMDAwLCJkZWxldGUiOjE4MDAwMDAwMDAwMDAsInJlYWQiOjMwMDAwMDAwMDAwMCwidXBkYXRlIjoxODAwMDAwMDAwMDAwfSwic2NoZW1hX3ZlcnNpb24iOiIxIn0=",
          "dependencies": [
            "azurerm_resource_group.main"
          ]
        }
      ]
    },
    {
      "module": "module.service_bus",
      "mode": "managed",
      "type": "azurerm_servicebus_queue",
      "name": "queues",
      "provider": "provider[\"registry.terraform.io/hashicorp/azurerm\"]",
      "instances": [
        {
          "index_key": "docwriter-finalize",
          "schema_version": 0,
          "attributes": {
            "auto_delete_on_idle": "P10675199DT2H48M5.4775807S",
            "batched_operations_enabled": true,
            "dead_lettering_on_message_expiration": true,
            "default_message_ttl": "P14D",
            "duplicate_detection_history_time_window": "PT10M",
            "express_enabled": false,
            "forward_dead_lettered_messages_to": "",
            "forward_to": "",
            "id": "/subscriptions/aa2aa2cc-88e3-462f-ba3a-37cd991f2281/resourceGroups/rg-aidocwriter/providers/Microsoft.ServiceBus/namespaces/aidocwriter-bus/queues/docwriter-finalize",
            "lock_duration": "PT5M",
            "max_delivery_count": 10,
            "max_message_size_in_kilobytes": 256,
            "max_size_in_megabytes": 5120,
            "name": "docwriter-finalize",
            "namespace_id": "/subscriptions/aa2aa2cc-88e3-462f-ba3a-37cd991f2281/resourceGroups/rg-aidocwriter/providers/Microsoft.ServiceBus/namespaces/aidocwriter-bus",
            "partitioning_enabled": false,
            "requires_duplicate_detection": false,
            "requires_session": false,
            "status": "Active",
            "timeouts": null
          },
          "sensitive_attributes": [],
          "private": "eyJlMmJmYjczMC1lY2FhLTExZTYtOGY4OC0zNDM2M2JjN2M0YzAiOnsiY3JlYXRlIjoxODAwMDAwMDAwMDAwLCJkZWxldGUiOjE4MDAwMDAwMDAwMDAsInJlYWQiOjMwMDAwMDAwMDAwMCwidXBkYXRlIjoxODAwMDAwMDAwMDAwfX0=",
          "dependencies": [
            "azurerm_resource_group.main",
            "module.service_bus.azurerm_servicebus_namespace.main"
          ]
        },
        {
          "index_key": "docwriter-intake-resume",
          "schema_version": 0,
          "attributes": {
            "auto_delete_on_idle": "P10675199DT2H48M5.4775807S",
            "batched_operations_enabled": true,
            "dead_lettering_on_message_expiration": true,
            "default_message_ttl": "P14D",
            "duplicate_detection_history_time_window": "PT10M",
            "express_enabled": false,
            "forward_dead_lettered_messages_to": "",
            "forward_to": "",
            "id": "/subscriptions/aa2aa2cc-88e3-462f-ba3a-37cd991f2281/resourceGroups/rg-aidocwriter/providers/Microsoft.ServiceBus/namespaces/aidocwriter-bus/queues/docwriter-intake-resume",
            "lock_duration": "PT5M",
            "max_delivery_count": 10,
            "max_message_size_in_kilobytes": 256,
            "max_size_in_megabytes": 5120,
            "name": "docwriter-intake-resume",
            "namespace_id": "/subscriptions/aa2aa2cc-88e3-462f-ba3a-37cd991f2281/resourceGroups/rg-aidocwriter/providers/Microsoft.ServiceBus/namespaces/aidocwriter-bus",
            "partitioning_enabled": false,
            "requires_duplicate_detection": false,
            "requires_session": false,
            "status": "Active",
            "timeouts": null
          },
          "sensitive_attributes": [],
          "private": "eyJlMmJmYjczMC1lY2FhLTExZTYtOGY4OC0zNDM2M2JjN2M0YzAiOnsiY3JlYXRlIjoxODAwMDAwMDAwMDAwLCJkZWxldGUiOjE4MDAwMDAwMDAwMDAsInJlYWQiOjMwMDAwMDAwMDAwMCwidXBkYXRlIjoxODAwMDAwMDAwMDAwfX0=",
          "dependencies": [
            "azurerm_resource_group.main",
            "module.service_bus.azurerm_servicebus_namespace.main"
          ]
        },
        {
          "index_key": "docwriter-plan",
          "schema_version": 0,
          "attributes": {
            "auto_delete_on_idle": "P10675199DT2H48M5.4775807S",
            "batched_operations_enabled": true,
            "dead_lettering_on_message_expiration": true,
            "default_message_ttl": "P14D",
            "duplicate_detection_history_time_window": "PT10M",
            "express_enabled": false,
            "forward_dead_lettered_messages_to": "",
            "forward_to": "",
            "id": "/subscriptions/aa2aa2cc-88e3-462f-ba3a-37cd991f2281/resourceGroups/rg-aidocwriter/providers/Microsoft.ServiceBus/namespaces/aidocwriter-bus/queues/docwriter-plan",
            "lock_duration": "PT5M",
            "max_delivery_count": 10,
            "max_message_size_in_kilobytes": 256,
            "max_size_in_megabytes": 5120,
            "name": "docwriter-plan",
            "namespace_id": "/subscriptions/aa2aa2cc-88e3-462f-ba3a-37cd991f2281/resourceGroups/rg-aidocwriter/providers/Microsoft.ServiceBus/namespaces/aidocwriter-bus",
            "partitioning_enabled": false,
            "requires_duplicate_detection": false,
            "requires_session": false,
            "status": "Active",
            "timeouts": null
          },
          "sensitive_attributes": [],
          "private": "eyJlMmJmYjczMC1lY2FhLTExZTYtOGY4OC0zNDM2M2JjN2M0YzAiOnsiY3JlYXRlIjoxODAwMDAwMDAwMDAwLCJkZWxldGUiOjE4MDAwMDAwMDAwMDAsInJlYWQiOjMwMDAwMDAwMDAwMCwidXBkYXRlIjoxODAwMDAwMDAwMDAwfX0=",
          "dependencies": [
            "azurerm_resource_group.main",
            "module.service_bus.azurerm_servicebus_namespace.main"
          ]
        },
        {
          "index_key": "docwriter-plan-intake",
          "schema_version": 0,
          "attributes": {
            "auto_delete_on_idle": "P10675199DT2H48M5.4775807S",
            "batched_operations_enabled": true,
            "dead_lettering_on_message_expiration": true,
            "default_message_ttl": "P14D",
            "duplicate_detection_history_time_window": "PT10M",
            "express_enabled": false,
            "forward_dead_lettered_messages_to": "",
            "forward_to": "",
            "id": "/subscriptions/aa2aa2cc-88e3-462f-ba3a-37cd991f2281/resourceGroups/rg-aidocwriter/providers/Microsoft.ServiceBus/namespaces/aidocwriter-bus/queues/docwriter-plan-intake",
            "lock_duration": "PT5M",
            "max_delivery_count": 10,
            "max_message_size_in_kilobytes": 256,
            "max_size_in_megabytes": 5120,
            "name": "docwriter-plan-intake",
            "namespace_id": "/subscriptions/aa2aa2cc-88e3-462f-ba3a-37cd991f2281/resourceGroups/rg-aidocwriter/providers/Microsoft.ServiceBus/namespaces/aidocwriter-bus",
            "partitioning_enabled": false,
            "requires_duplicate_detection": false,
            "requires_session": false,
            "status": "Active",
            "timeouts": null
          },
          "sensitive_attributes": [],
          "private": "eyJlMmJmYjczMC1lY2FhLTExZTYtOGY4OC0zNDM2M2JjN2M0YzAiOnsiY3JlYXRlIjoxODAwMDAwMDAwMDAwLCJkZWxldGUiOjE4MDAwMDAwMDAwMDAsInJlYWQiOjMwMDAwMDAwMDAwMCwidXBkYXRlIjoxODAwMDAwMDAwMDAwfX0=",
          "dependencies": [
            "azurerm_resource_group.main",
            "module.service_bus.azurerm_servicebus_namespace.main"
          ]
        },
        {
          "index_key": "docwriter-review",
          "schema_version": 0,
          "attributes": {
            "auto_delete_on_idle": "P10675199DT2H48M5.4775807S",
            "batched_operations_enabled": true,
            "dead_lettering_on_message_expiration": true,
            "default_message_ttl": "P14D",
            "duplicate_detection_history_time_window": "PT10M",
            "express_enabled": false,
            "forward_dead_lettered_messages_to": "",
            "forward_to": "",
            "id": "/subscriptions/aa2aa2cc-88e3-462f-ba3a-37cd991f2281/resourceGroups/rg-aidocwriter/providers/Microsoft.ServiceBus/namespaces/aidocwriter-bus/queues/docwriter-review",
            "lock_duration": "PT5M",
            "max_delivery_count": 10,
            "max_message_size_in_kilobytes": 256,
            "max_size_in_megabytes": 5120,
            "name": "docwriter-review",
            "namespace_id": "/subscriptions/aa2aa2cc-88e3-462f-ba3a-37cd991f2281/resourceGroups/rg-aidocwriter/providers/Microsoft.ServiceBus/namespaces/aidocwriter-bus",
            "partitioning_enabled": false,
            "requires_duplicate_detection": false,
            "requires_session": false,
            "status": "Active",
            "timeouts": null
          },
          "sensitive_attributes": [],
          "private": "eyJlMmJmYjczMC1lY2FhLTExZTYtOGY4OC0zNDM2M2JjN2M0YzAiOnsiY3JlYXRlIjoxODAwMDAwMDAwMDAwLCJkZWxldGUiOjE4MDAwMDAwMDAwMDAsInJlYWQiOjMwMDAwMDAwMDAwMCwidXBkYXRlIjoxODAwMDAwMDAwMDAwfX0=",
          "dependencies": [
            "azurerm_resource_group.main",
            "module.service_bus.azurerm_servicebus_namespace.main"
          ]
        },
        {
          "index_key": "docwriter-rewrite",
          "schema_version": 0,
          "attributes": {
            "auto_delete_on_idle": "P10675199DT2H48M5.4775807S",
            "batched_operations_enabled": true,
            "dead_lettering_on_message_expiration": true,
            "default_message_ttl": "P14D",
            "duplicate_detection_history_time_window": "PT10M",
            "express_enabled": false,
            "forward_dead_lettered_messages_to": "",
            "forward_to": "",
            "id": "/subscriptions/aa2aa2cc-88e3-462f-ba3a-37cd991f2281/resourceGroups/rg-aidocwriter/providers/Microsoft.ServiceBus/namespaces/aidocwriter-bus/queues/docwriter-rewrite",
            "lock_duration": "PT5M",
            "max_delivery_count": 10,
            "max_message_size_in_kilobytes": 256,
            "max_size_in_megabytes": 5120,
            "name": "docwriter-rewrite",
            "namespace_id": "/subscriptions/aa2aa2cc-88e3-462f-ba3a-37cd991f2281/resourceGroups/rg-aidocwriter/providers/Microsoft.ServiceBus/namespaces/aidocwriter-bus",
            "partitioning_enabled": false,
            "requires_duplicate_detection": false,
            "requires_session": false,
            "status": "Active",
            "timeouts": null
          },
          "sensitive_attributes": [],
          "private": "eyJlMmJmYjczMC1lY2FhLTExZTYtOGY4OC0zNDM2M2JjN2M0YzAiOnsiY3JlYXRlIjoxODAwMDAwMDAwMDAwLCJkZWxldGUiOjE4MDAwMDAwMDAwMDAsInJlYWQiOjMwMDAwMDAwMDAwMCwidXBkYXRlIjoxODAwMDAwMDAwMDAwfX0=",
          "dependencies": [
            "azurerm_resource_group.main",
            "module.service_bus.azurerm_servicebus_namespace.main"
          ]
        },
        {
          "index_key": "docwriter-verify",
          "schema_version": 0,
          "attributes": {
            "auto_delete_on_idle": "P10675199DT2H48M5.4775807S",
            "batched_operations_enabled": true,
            "dead_lettering_on_message_expiration": true,
            "default_message_ttl": "P14D",
            "duplicate_detection_history_time_window": "PT10M",
            "express_enabled": false,
            "forward_dead_lettered_messages_to": "",
            "forward_to": "",
            "id": "/subscriptions/aa2aa2cc-88e3-462f-ba3a-37cd991f2281/resourceGroups/rg-aidocwriter/providers/Microsoft.ServiceBus/namespaces/aidocwriter-bus/queues/docwriter-verify",
            "lock_duration": "PT5M",
            "max_delivery_count": 10,
            "max_message_size_in_kilobytes": 256,
            "max_size_in_megabytes": 5120,
            "name": "docwriter-verify",
            "namespace_id": "/subscriptions/aa2aa2cc-88e3-462f-ba3a-37cd991f2281/resourceGroups/rg-aidocwriter/providers/Microsoft.ServiceBus/namespaces/aidocwriter-bus",
            "partitioning_enabled": false,
            "requires_duplicate_detection": false,
            "requires_session": false,
            "status": "Active",
            "timeouts": null
          },
          "sensitive_attributes": [],
          "private": "eyJlMmJmYjczMC1lY2FhLTExZTYtOGY4OC0zNDM2M2JjN2M0YzAiOnsiY3JlYXRlIjoxODAwMDAwMDAwMDAwLCJkZWxldGUiOjE4MDAwMDAwMDAwMDAsInJlYWQiOjMwMDAwMDAwMDAwMCwidXBkYXRlIjoxODAwMDAwMDAwMDAwfX0=",
          "dependencies": [
            "azurerm_resource_group.main",
            "module.service_bus.azurerm_servicebus_namespace.main"
          ]
        },
        {
          "index_key": "docwriter-write",
          "schema_version": 0,
          "attributes": {
            "auto_delete_on_idle": "P10675199DT2H48M5.4775807S",
            "batched_operations_enabled": true,
            "dead_lettering_on_message_expiration": true,
            "default_message_ttl": "P14D",
            "duplicate_detection_history_time_window": "PT10M",
            "express_enabled": false,
            "forward_dead_lettered_messages_to": "",
            "forward_to": "",
            "id": "/subscriptions/aa2aa2cc-88e3-462f-ba3a-37cd991f2281/resourceGroups/rg-aidocwriter/providers/Microsoft.ServiceBus/namespaces/aidocwriter-bus/queues/docwriter-write",
            "lock_duration": "PT5M",
            "max_delivery_count": 10,
            "max_message_size_in_kilobytes": 256,
            "max_size_in_megabytes": 5120,
            "name": "docwriter-write",
            "namespace_id": "/subscriptions/aa2aa2cc-88e3-462f-ba3a-37cd991f2281/resourceGroups/rg-aidocwriter/providers/Microsoft.ServiceBus/namespaces/aidocwriter-bus",
            "partitioning_enabled": false,
            "requires_duplicate_detection": false,
            "requires_session": false,
            "status": "Active",
            "timeouts": null
          },
          "sensitive_attributes": [],
          "private": "eyJlMmJmYjczMC1lY2FhLTExZTYtOGY4OC0zNDM2M2JjN2M0YzAiOnsiY3JlYXRlIjoxODAwMDAwMDAwMDAwLCJkZWxldGUiOjE4MDAwMDAwMDAwMDAsInJlYWQiOjMwMDAwMDAwMDAwMCwidXBkYXRlIjoxODAwMDAwMDAwMDAwfX0=",
          "dependencies": [
            "azurerm_resource_group.main",
            "module.service_bus.azurerm_servicebus_namespace.main"
          ]
        }
      ]
    },
    {
      "module": "module.service_bus",
      "mode": "managed",
      "type": "azurerm_servicebus_subscription",
      "name": "console",
      "provider": "provider[\"registry.terraform.io/hashicorp/azurerm\"]",
      "instances": [
        {
          "schema_version": 1,
          "attributes": {
            "auto_delete_on_idle": "P10675199DT2H48M5.4775807S",
            "batched_operations_enabled": false,
            "client_scoped_subscription": [],
            "client_scoped_subscription_enabled": false,
            "dead_lettering_on_filter_evaluation_error": true,
            "dead_lettering_on_message_expiration": false,
            "default_message_ttl": "P10675199DT2H48M5.4775807S",
            "forward_dead_lettered_messages_to": "",
            "forward_to": "",
            "id": "/subscriptions/aa2aa2cc-88e3-462f-ba3a-37cd991f2281/resourceGroups/rg-aidocwriter/providers/Microsoft.ServiceBus/namespaces/aidocwriter-bus/topics/aidocwriter-status/subscriptions/console",
            "lock_duration": "PT1M",
            "max_delivery_count": 10,
            "name": "console",
            "requires_session": false,
            "status": "Active",
            "timeouts": null,
            "topic_id": "/subscriptions/aa2aa2cc-88e3-462f-ba3a-37cd991f2281/resourceGroups/rg-aidocwriter/providers/Microsoft.ServiceBus/namespaces/aidocwriter-bus/topics/aidocwriter-status"
          },
          "sensitive_attributes": [],
          "private": "eyJlMmJmYjczMC1lY2FhLTExZTYtOGY4OC0zNDM2M2JjN2M0YzAiOnsiY3JlYXRlIjoxODAwMDAwMDAwMDAwLCJkZWxldGUiOjE4MDAwMDAwMDAwMDAsInJlYWQiOjMwMDAwMDAwMDAwMCwidXBkYXRlIjoxODAwMDAwMDAwMDAwfSwic2NoZW1hX3ZlcnNpb24iOiIxIn0=",
          "dependencies": [
            "azurerm_resource_group.main",
            "module.service_bus.azurerm_servicebus_namespace.main",
            "module.service_bus.azurerm_servicebus_topic.status"
          ]
        }
      ]
    },
    {
      "module": "module.service_bus",
      "mode": "managed",
      "type": "azurerm_servicebus_topic",
      "name": "status",
      "provider": "provider[\"registry.terraform.io/hashicorp/azurerm\"]",
      "instances": [
        {
          "schema_version": 0,
          "attributes": {
            "auto_delete_on_idle": "P10675199DT2H48M5.4775807S",
            "batched_operations_enabled": false,
            "default_message_ttl": "P10675199DT2H48M5.4775807S",
            "duplicate_detection_history_time_window": "PT10M",
            "express_enabled": false,
            "id": "/subscriptions/aa2aa2cc-88e3-462f-ba3a-37cd991f2281/resourceGroups/rg-aidocwriter/providers/Microsoft.ServiceBus/namespaces/aidocwriter-bus/topics/aidocwriter-status",
            "max_message_size_in_kilobytes": 256,
            "max_size_in_megabytes": 5120,
            "name": "aidocwriter-status",
            "namespace_id": "/subscriptions/aa2aa2cc-88e3-462f-ba3a-37cd991f2281/resourceGroups/rg-aidocwriter/providers/Microsoft.ServiceBus/namespaces/aidocwriter-bus",
            "partitioning_enabled": true,
            "requires_duplicate_detection": false,
            "status": "Active",
            "support_ordering": false,
            "timeouts": null
          },
          "sensitive_attributes": [],
          "private": "eyJlMmJmYjczMC1lY2FhLTExZTYtOGY4OC0zNDM2M2JjN2M0YzAiOnsiY3JlYXRlIjoxODAwMDAwMDAwMDAwLCJkZWxldGUiOjE4MDAwMDAwMDAwMDAsInJlYWQiOjMwMDAwMDAwMDAwMCwidXBkYXRlIjoxODAwMDAwMDAwMDAwfX0=",
          "dependencies": [
            "azurerm_resource_group.main",
            "module.service_bus.azurerm_servicebus_namespace.main"
          ]
        }
      ]
    },
    {
      "module": "module.storage",
      "mode": "managed",
      "type": "azurerm_storage_account",
      "name": "main",
      "provider": "provider[\"registry.terraform.io/hashicorp/azurerm\"]",
      "instances": [
        {
          "schema_version": 4,
          "attributes": {
            "access_tier": "Hot",
            "account_kind": "StorageV2",
            "account_replication_type": "LRS",
            "account_tier": "Standard",
            "allow_nested_items_to_be_public": true,
            "allowed_copy_scope": "",
            "azure_files_authentication": [],
            "blob_properties": [
              {
                "change_feed_enabled": false,
                "change_feed_retention_in_days": 0,
                "container_delete_retention_policy": [],
                "cors_rule": [],
                "default_service_version": "",
                "delete_retention_policy": [],
                "last_access_time_enabled": false,
                "restore_policy": [],
                "versioning_enabled": false
              }
            ],
            "cross_tenant_replication_enabled": false,
            "custom_domain": [],
            "customer_managed_key": [],
            "default_to_oauth_authentication": false,
            "dns_endpoint_type": "Standard",
            "edge_zone": "",
            "https_traffic_only_enabled": true,
            "id": "/subscriptions/aa2aa2cc-88e3-462f-ba3a-37cd991f2281/resourceGroups/rg-aidocwriter/providers/Microsoft.Storage/storageAccounts/aidocwritersa",
            "identity": [],
            "immutability_policy": [],
            "infrastructure_encryption_enabled": false,
            "is_hns_enabled": false,
            "large_file_share_enabled": false,
            "local_user_enabled": true,
            "location": "westeurope",
            "min_tls_version": "TLS1_2",
            "name": "aidocwritersa",
            "network_rules": [],
            "nfsv3_enabled": false,
            "primary_access_key": "IL2CsLv8ZAVIOKcUvPMTdPROO4w2bAu0rU8oIsfR9adCJ07y/TOdHM0CGAKQYFTcT5rGx7ixtRBf+AStwO4lGQ==",
            "primary_blob_connection_string": "DefaultEndpointsProtocol=https;BlobEndpoint=https://aidocwritersa.blob.core.windows.net/;AccountName=aidocwritersa;AccountKey=IL2CsLv8ZAVIOKcUvPMTdPROO4w2bAu0rU8oIsfR9adCJ07y/TOdHM0CGAKQYFTcT5rGx7ixtRBf+AStwO4lGQ==",
            "primary_blob_endpoint": "https://aidocwritersa.blob.core.windows.net/",
            "primary_blob_host": "aidocwritersa.blob.core.windows.net",
            "primary_blob_internet_endpoint": "",
            "primary_blob_internet_host": "",
            "primary_blob_microsoft_endpoint": "",
            "primary_blob_microsoft_host": "",
            "primary_connection_string": "DefaultEndpointsProtocol=https;AccountName=aidocwritersa;AccountKey=IL2CsLv8ZAVIOKcUvPMTdPROO4w2bAu0rU8oIsfR9adCJ07y/TOdHM0CGAKQYFTcT5rGx7ixtRBf+AStwO4lGQ==;EndpointSuffix=core.windows.net",
            "primary_dfs_endpoint": "https://aidocwritersa.dfs.core.windows.net/",
            "primary_dfs_host": "aidocwritersa.dfs.core.windows.net",
            "primary_dfs_internet_endpoint": "",
            "primary_dfs_internet_host": "",
            "primary_dfs_microsoft_endpoint": "",
            "primary_dfs_microsoft_host": "",
            "primary_file_endpoint": "https://aidocwritersa.file.core.windows.net/",
            "primary_file_host": "aidocwritersa.file.core.windows.net",
            "primary_file_internet_endpoint": "",
            "primary_file_internet_host": "",
            "primary_file_microsoft_endpoint": "",
            "primary_file_microsoft_host": "",
            "primary_location": "westeurope",
            "primary_queue_endpoint": "https://aidocwritersa.queue.core.windows.net/",
            "primary_queue_host": "aidocwritersa.queue.core.windows.net",
            "primary_queue_microsoft_endpoint": "",
            "primary_queue_microsoft_host": "",
            "primary_table_endpoint": "https://aidocwritersa.table.core.windows.net/",
            "primary_table_host": "aidocwritersa.table.core.windows.net",
            "primary_table_microsoft_endpoint": "",
            "primary_table_microsoft_host": "",
            "primary_web_endpoint": "https://aidocwritersa.z6.web.core.windows.net/",
            "primary_web_host": "aidocwritersa.z6.web.core.windows.net",
            "primary_web_internet_endpoint": "",
            "primary_web_internet_host": "",
            "primary_web_microsoft_endpoint": "",
            "primary_web_microsoft_host": "",
            "provisioned_billing_model_version": "",
            "public_network_access_enabled": true,
            "queue_encryption_key_type": "Service",
            "queue_properties": [
              {
                "cors_rule": [],
                "hour_metrics": [
                  {
                    "enabled": false,
                    "include_apis": false,
                    "retention_policy_days": 0,
                    "version": "1.0"
                  }
                ],
                "logging": [
                  {
                    "delete": false,
                    "read": false,
                    "retention_policy_days": 0,
                    "version": "1.0",
                    "write": false
                  }
                ],
                "minute_metrics": [
                  {
                    "enabled": false,
                    "include_apis": false,
                    "retention_policy_days": 0,
                    "version": "1.0"
                  }
                ]
              }
            ],
            "resource_group_name": "rg-aidocwriter",
            "routing": [],
            "sas_policy": [],
            "secondary_access_key": "w7x86ag2blmzHo91yNR8QNNqUDrp6f0DhjImVGLxHEe6lY6yXYOm7qsLBytQe8VF6wAeYPwlb7Qi+ASthdSbhg==",
            "secondary_blob_connection_string": "",
            "secondary_blob_endpoint": "",
            "secondary_blob_host": "",
            "secondary_blob_internet_endpoint": "",
            "secondary_blob_internet_host": "",
            "secondary_blob_microsoft_endpoint": "",
            "secondary_blob_microsoft_host": "",
            "secondary_connection_string": "DefaultEndpointsProtocol=https;AccountName=aidocwritersa;AccountKey=w7x86ag2blmzHo91yNR8QNNqUDrp6f0DhjImVGLxHEe6lY6yXYOm7qsLBytQe8VF6wAeYPwlb7Qi+ASthdSbhg==;EndpointSuffix=core.windows.net",
            "secondary_dfs_endpoint": "",
            "secondary_dfs_host": "",
            "secondary_dfs_internet_endpoint": "",
            "secondary_dfs_internet_host": "",
            "secondary_dfs_microsoft_endpoint": "",
            "secondary_dfs_microsoft_host": "",
            "secondary_file_endpoint": "",
            "secondary_file_host": "",
            "secondary_file_internet_endpoint": "",
            "secondary_file_internet_host": "",
            "secondary_file_microsoft_endpoint": "",
            "secondary_file_microsoft_host": "",
            "secondary_location": "",
            "secondary_queue_endpoint": "",
            "secondary_queue_host": "",
            "secondary_queue_microsoft_endpoint": "",
            "secondary_queue_microsoft_host": "",
            "secondary_table_endpoint": "",
            "secondary_table_host": "",
            "secondary_table_microsoft_endpoint": "",
            "secondary_table_microsoft_host": "",
            "secondary_web_endpoint": "",
            "secondary_web_host": "",
            "secondary_web_internet_endpoint": "",
            "secondary_web_internet_host": "",
            "secondary_web_microsoft_endpoint": "",
            "secondary_web_microsoft_host": "",
            "sftp_enabled": false,
            "share_properties": [
              {
                "cors_rule": [],
                "retention_policy": [
                  {
                    "days": 7
                  }
                ],
                "smb": []
              }
            ],
            "shared_access_key_enabled": true,
            "static_website": [],
            "table_encryption_key_type": "Service",
            "tags": {
              "project": "aidocwriter"
            },
            "timeouts": null
          },
          "sensitive_attributes": [
            [
              {
                "type": "get_attr",
                "value": "primary_blob_connection_string"
              }
            ],
            [
              {
                "type": "get_attr",
                "value": "secondary_connection_string"
              }
            ],
            [
              {
                "type": "get_attr",
                "value": "primary_connection_string"
              }
            ],
            [
              {
                "type": "get_attr",
                "value": "primary_access_key"
              }
            ],
            [
              {
                "type": "get_attr",
                "value": "secondary_blob_connection_string"
              }
            ],
            [
              {
                "type": "get_attr",
                "value": "secondary_access_key"
              }
            ]
          ],
          "private": "eyJlMmJmYjczMC1lY2FhLTExZTYtOGY4OC0zNDM2M2JjN2M0YzAiOnsiY3JlYXRlIjozNjAwMDAwMDAwMDAwLCJkZWxldGUiOjM2MDAwMDAwMDAwMDAsInJlYWQiOjMwMDAwMDAwMDAwMCwidXBkYXRlIjozNjAwMDAwMDAwMDAwfSwic2NoZW1hX3ZlcnNpb24iOiI0In0=",
          "dependencies": [
            "azurerm_resource_group.main"
          ]
        }
      ]
    },
    {
      "module": "module.storage",
      "mode": "managed",
      "type": "azurerm_storage_container",
      "name": "documents",
      "provider": "provider[\"registry.terraform.io/hashicorp/azurerm\"]",
      "instances": [
        {
          "schema_version": 1,
          "attributes": {
            "container_access_type": "private",
            "default_encryption_scope": "$account-encryption-key",
            "encryption_scope_override_enabled": true,
            "has_immutability_policy": false,
            "has_legal_hold": false,
            "id": "/subscriptions/aa2aa2cc-88e3-462f-ba3a-37cd991f2281/resourceGroups/rg-aidocwriter/providers/Microsoft.Storage/storageAccounts/aidocwritersa/blobServices/default/containers/docwriter",
            "metadata": {},
            "name": "docwriter",
            "resource_manager_id": "/subscriptions/aa2aa2cc-88e3-462f-ba3a-37cd991f2281/resourceGroups/rg-aidocwriter/providers/Microsoft.Storage/storageAccounts/aidocwritersa/blobServices/default/containers/docwriter",
            "storage_account_id": "/subscriptions/aa2aa2cc-88e3-462f-ba3a-37cd991f2281/resourceGroups/rg-aidocwriter/providers/Microsoft.Storage/storageAccounts/aidocwritersa",
            "storage_account_name": "",
            "timeouts": null
          },
          "sensitive_attributes": [],
          "private": "eyJlMmJmYjczMC1lY2FhLTExZTYtOGY4OC0zNDM2M2JjN2M0YzAiOnsiY3JlYXRlIjoxODAwMDAwMDAwMDAwLCJkZWxldGUiOjE4MDAwMDAwMDAwMDAsInJlYWQiOjMwMDAwMDAwMDAwMCwidXBkYXRlIjoxODAwMDAwMDAwMDAwfSwic2NoZW1hX3ZlcnNpb24iOiIxIn0=",
          "dependencies": [
            "azurerm_resource_group.main",
            "module.storage.azurerm_storage_account.main"
          ]
        }
      ]
    }
  ],
  "check_results": null
}
